
Microsoft Visual Studio Solution File, Format Version 10.00
# Visual Studio 2008
Project("{8BC9CEB8-8B4A-11D0-8D11-00A0C91BC942}") = "mp6", "mp6\mp6.vcproj", "{D22C54E3-94D7-402C-9D78-9C5C5ECE3308}"
EndProject
Global
	GlobalSection(SolutionConfigurationPlatforms) = preSolution
		Debug|Win32 = Debug|Win32
		Release|Win32 = Release|Win32
	EndGlobalSection
	GlobalSection(ProjectConfigurationPlatforms) = postSolution
		{D22C54E3-94D7-402C-9D78-9C5C5ECE3308}.Debug|Win32.ActiveCfg = Debug|Win32
		{D22C54E3-94D7-402C-9D78-9C5C5ECE3308}.Debug|Win32.Build.0 = Debug|Win32
		{D22C54E3-94D7-402C-9D78-9C5C5ECE3308}.Release|Win32.ActiveCfg = Release|Win32
		{D22C54E3-94D7-402C-9D78-9C5C5ECE3308}.Release|Win32.Build.0 = Release|Win32
	EndGlobalSection
	GlobalSection(SolutionProperties) = preSolution
		HideSolutionNode = FALSE
	EndGlobalSection
EndGlobal
